
Microsoft Visual Studio Solution File, Format Version 12.00
# Visual Studio 15
Project("{FAE04EC0-301F-11D3-BF4B-00C04F79EFBC}") = "HelloWorldUserEB", "HelloWorldUserEB.csproj", "{4815714B-9DBA-44DE-A582-2EE61BE08BEB}"
EndProject
Global
	GlobalSection(SolutionConfigurationPlatforms) = preSolution
		Debug|anycpu = Debug|anycpu
		Release|anycpu = Release|anycpu
	EndGlobalSection
	GlobalSection(ProjectConfigurationPlatforms) = postSolution
		{4815714B-9DBA-44DE-A582-2EE61BE08BEB}.Debug|anycpu.ActiveCfg = Debug|anycpu
		{4815714B-9DBA-44DE-A582-2EE61BE08BEB}.Debug|anycpu.Build.0 = Debug|anycpu
		{4815714B-9DBA-44DE-A582-2EE61BE08BEB}.Release|anycpu.ActiveCfg = Release|anycpu
		{4815714B-9DBA-44DE-A582-2EE61BE08BEB}.Release|anycpu.Build.0 = Release|anycpu
	EndGlobalSection
EndGlobal
